// !$*UTF8*$!
{
	archiveVersion = 1;
	classes = {
	};
	objectVersion = 46;
	objects = {

/* Begin PBXBuildFile section */
		625F90C1FE76A613FA854F04 /* libPods-BaseProject.a in Frameworks */ = {isa = PBXBuildFile; fileRef = 4A39084B29CC6E07A62F54E9 /* libPods-BaseProject.a */; };
		ECCA85FD1EAD994C003CADE9 /* main.m in Sources */ = {isa = PBXBuildFile; fileRef = ECCA85FC1EAD994C003CADE9 /* main.m */; };
		ECCA86001EAD994C003CADE9 /* AppDelegate.m in Sources */ = {isa = PBXBuildFile; fileRef = ECCA85FF1EAD994C003CADE9 /* AppDelegate.m */; };
		ECCA86081EAD994C003CADE9 /* Assets.xcassets in Resources */ = {isa = PBXBuildFile; fileRef = ECCA86071EAD994C003CADE9 /* Assets.xcassets */; };
		ECCA860B1EAD994C003CADE9 /* LaunchScreen.storyboard in Resources */ = {isa = PBXBuildFile; fileRef = ECCA86091EAD994C003CADE9 /* LaunchScreen.storyboard */; };
		ECCA862A1EAD99E3003CADE9 /* BasicNavigationController.m in Sources */ = {isa = PBXBuildFile; fileRef = ECCA86161EAD99E3003CADE9 /* BasicNavigationController.m */; };
		ECCA862B1EAD99E3003CADE9 /* BasicViewController.m in Sources */ = {isa = PBXBuildFile; fileRef = ECCA86181EAD99E3003CADE9 /* BasicViewController.m */; };
		ECCA86311EAD99E3003CADE9 /* MainTabBarViewController.m in Sources */ = {isa = PBXBuildFile; fileRef = ECCA86241EAD99E3003CADE9 /* MainTabBarViewController.m */; };
		ECCA86471EAD9A89003CADE9 /* ArchiveObj.m in Sources */ = {isa = PBXBuildFile; fileRef = ECCA86371EAD9A89003CADE9 /* ArchiveObj.m */; };
		ECCA86481EAD9A89003CADE9 /* Encrypt.m in Sources */ = {isa = PBXBuildFile; fileRef = ECCA86391EAD9A89003CADE9 /* Encrypt.m */; };
		ECCA86491EAD9A89003CADE9 /* RefreshTableView.m in Sources */ = {isa = PBXBuildFile; fileRef = ECCA863B1EAD9A89003CADE9 /* RefreshTableView.m */; };
		ECCA864A1EAD9A89003CADE9 /* TransitionManager.m in Sources */ = {isa = PBXBuildFile; fileRef = ECCA863D1EAD9A89003CADE9 /* TransitionManager.m */; };
		ECCA864B1EAD9A89003CADE9 /* UIAlertView+ActionBlock.m in Sources */ = {isa = PBXBuildFile; fileRef = ECCA863F1EAD9A89003CADE9 /* UIAlertView+ActionBlock.m */; };
		ECCA864C1EAD9A89003CADE9 /* UIColor+Hex.m in Sources */ = {isa = PBXBuildFile; fileRef = ECCA86411EAD9A89003CADE9 /* UIColor+Hex.m */; };
		ECCA864D1EAD9A89003CADE9 /* UIImageView+Scale.m in Sources */ = {isa = PBXBuildFile; fileRef = ECCA86431EAD9A89003CADE9 /* UIImageView+Scale.m */; };
		ECCA864E1EAD9A89003CADE9 /* UIView+AddFunc.m in Sources */ = {isa = PBXBuildFile; fileRef = ECCA86451EAD9A89003CADE9 /* UIView+AddFunc.m */; };
		ECCA86741EADDFE9003CADE9 /* BaseTabBar.m in Sources */ = {isa = PBXBuildFile; fileRef = ECCA86731EADDFE9003CADE9 /* BaseTabBar.m */; };
		ECCA867B1EADECB2003CADE9 /* TestViewController.m in Sources */ = {isa = PBXBuildFile; fileRef = ECCA867A1EADECB2003CADE9 /* TestViewController.m */; };
/* End PBXBuildFile section */

/* Begin PBXFileReference section */
		137C44E4FB666BC7F5B5346C /* Pods-BaseProject.release.xcconfig */ = {isa = PBXFileReference; includeInIndex = 1; lastKnownFileType = text.xcconfig; name = "Pods-BaseProject.release.xcconfig"; path = "Pods/Target Support Files/Pods-BaseProject/Pods-BaseProject.release.xcconfig"; sourceTree = "<group>"; };
		4A39084B29CC6E07A62F54E9 /* libPods-BaseProject.a */ = {isa = PBXFileReference; explicitFileType = archive.ar; includeInIndex = 0; path = "libPods-BaseProject.a"; sourceTree = BUILT_PRODUCTS_DIR; };
		A87CC23EF12240104EF2F8B8 /* Pods-BaseProject.debug.xcconfig */ = {isa = PBXFileReference; includeInIndex = 1; lastKnownFileType = text.xcconfig; name = "Pods-BaseProject.debug.xcconfig"; path = "Pods/Target Support Files/Pods-BaseProject/Pods-BaseProject.debug.xcconfig"; sourceTree = "<group>"; };
		ECCA85F81EAD994C003CADE9 /* BaseProject.app */ = {isa = PBXFileReference; explicitFileType = wrapper.application; includeInIndex = 0; path = BaseProject.app; sourceTree = BUILT_PRODUCTS_DIR; };
		ECCA85FC1EAD994C003CADE9 /* main.m */ = {isa = PBXFileReference; lastKnownFileType = sourcecode.c.objc; path = main.m; sourceTree = "<group>"; };
		ECCA85FE1EAD994C003CADE9 /* AppDelegate.h */ = {isa = PBXFileReference; lastKnownFileType = sourcecode.c.h; path = AppDelegate.h; sourceTree = "<group>"; };
		ECCA85FF1EAD994C003CADE9 /* AppDelegate.m */ = {isa = PBXFileReference; lastKnownFileType = sourcecode.c.objc; path = AppDelegate.m; sourceTree = "<group>"; };
		ECCA86071EAD994C003CADE9 /* Assets.xcassets */ = {isa = PBXFileReference; lastKnownFileType = folder.assetcatalog; path = Assets.xcassets; sourceTree = "<group>"; };
		ECCA860A1EAD994C003CADE9 /* Base */ = {isa = PBXFileReference; lastKnownFileType = file.storyboard; name = Base; path = Base.lproj/LaunchScreen.storyboard; sourceTree = "<group>"; };
		ECCA860C1EAD994C003CADE9 /* Info.plist */ = {isa = PBXFileReference; lastKnownFileType = text.plist.xml; path = Info.plist; sourceTree = "<group>"; };
		ECCA86151EAD99E3003CADE9 /* BasicNavigationController.h */ = {isa = PBXFileReference; fileEncoding = 4; lastKnownFileType = sourcecode.c.h; path = BasicNavigationController.h; sourceTree = "<group>"; };
		ECCA86161EAD99E3003CADE9 /* BasicNavigationController.m */ = {isa = PBXFileReference; fileEncoding = 4; lastKnownFileType = sourcecode.c.objc; path = BasicNavigationController.m; sourceTree = "<group>"; };
		ECCA86171EAD99E3003CADE9 /* BasicViewController.h */ = {isa = PBXFileReference; fileEncoding = 4; lastKnownFileType = sourcecode.c.h; path = BasicViewController.h; sourceTree = "<group>"; };
		ECCA86181EAD99E3003CADE9 /* BasicViewController.m */ = {isa = PBXFileReference; fileEncoding = 4; lastKnownFileType = sourcecode.c.objc; path = BasicViewController.m; sourceTree = "<group>"; };
		ECCA86231EAD99E3003CADE9 /* MainTabBarViewController.h */ = {isa = PBXFileReference; fileEncoding = 4; lastKnownFileType = sourcecode.c.h; path = MainTabBarViewController.h; sourceTree = "<group>"; };
		ECCA86241EAD99E3003CADE9 /* MainTabBarViewController.m */ = {isa = PBXFileReference; fileEncoding = 4; lastKnownFileType = sourcecode.c.objc; path = MainTabBarViewController.m; sourceTree = "<group>"; };
		ECCA86361EAD9A89003CADE9 /* ArchiveObj.h */ = {isa = PBXFileReference; fileEncoding = 4; lastKnownFileType = sourcecode.c.h; path = ArchiveObj.h; sourceTree = "<group>"; };
		ECCA86371EAD9A89003CADE9 /* ArchiveObj.m */ = {isa = PBXFileReference; fileEncoding = 4; lastKnownFileType = sourcecode.c.objc; path = ArchiveObj.m; sourceTree = "<group>"; };
		ECCA86381EAD9A89003CADE9 /* Encrypt.h */ = {isa = PBXFileReference; fileEncoding = 4; lastKnownFileType = sourcecode.c.h; path = Encrypt.h; sourceTree = "<group>"; };
		ECCA86391EAD9A89003CADE9 /* Encrypt.m */ = {isa = PBXFileReference; fileEncoding = 4; lastKnownFileType = sourcecode.c.objc; path = Encrypt.m; sourceTree = "<group>"; };
		ECCA863A1EAD9A89003CADE9 /* RefreshTableView.h */ = {isa = PBXFileReference; fileEncoding = 4; lastKnownFileType = sourcecode.c.h; path = RefreshTableView.h; sourceTree = "<group>"; };
		ECCA863B1EAD9A89003CADE9 /* RefreshTableView.m */ = {isa = PBXFileReference; fileEncoding = 4; lastKnownFileType = sourcecode.c.objc; path = RefreshTableView.m; sourceTree = "<group>"; };
		ECCA863C1EAD9A89003CADE9 /* TransitionManager.h */ = {isa = PBXFileReference; fileEncoding = 4; lastKnownFileType = sourcecode.c.h; path = TransitionManager.h; sourceTree = "<group>"; };
		ECCA863D1EAD9A89003CADE9 /* TransitionManager.m */ = {isa = PBXFileReference; fileEncoding = 4; lastKnownFileType = sourcecode.c.objc; path = TransitionManager.m; sourceTree = "<group>"; };
		ECCA863E1EAD9A89003CADE9 /* UIAlertView+ActionBlock.h */ = {isa = PBXFileReference; fileEncoding = 4; lastKnownFileType = sourcecode.c.h; path = "UIAlertView+ActionBlock.h"; sourceTree = "<group>"; };
		ECCA863F1EAD9A89003CADE9 /* UIAlertView+ActionBlock.m */ = {isa = PBXFileReference; fileEncoding = 4; lastKnownFileType = sourcecode.c.objc; path = "UIAlertView+ActionBlock.m"; sourceTree = "<group>"; };
		ECCA86401EAD9A89003CADE9 /* UIColor+Hex.h */ = {isa = PBXFileReference; fileEncoding = 4; lastKnownFileType = sourcecode.c.h; path = "UIColor+Hex.h"; sourceTree = "<group>"; };
		ECCA86411EAD9A89003CADE9 /* UIColor+Hex.m */ = {isa = PBXFileReference; fileEncoding = 4; lastKnownFileType = sourcecode.c.objc; path = "UIColor+Hex.m"; sourceTree = "<group>"; };
		ECCA86421EAD9A89003CADE9 /* UIImageView+Scale.h */ = {isa = PBXFileReference; fileEncoding = 4; lastKnownFileType = sourcecode.c.h; path = "UIImageView+Scale.h"; sourceTree = "<group>"; };
		ECCA86431EAD9A89003CADE9 /* UIImageView+Scale.m */ = {isa = PBXFileReference; fileEncoding = 4; lastKnownFileType = sourcecode.c.objc; path = "UIImageView+Scale.m"; sourceTree = "<group>"; };
		ECCA86441EAD9A89003CADE9 /* UIView+AddFunc.h */ = {isa = PBXFileReference; fileEncoding = 4; lastKnownFileType = sourcecode.c.h; path = "UIView+AddFunc.h"; sourceTree = "<group>"; };
		ECCA86451EAD9A89003CADE9 /* UIView+AddFunc.m */ = {isa = PBXFileReference; fileEncoding = 4; lastKnownFileType = sourcecode.c.objc; path = "UIView+AddFunc.m"; sourceTree = "<group>"; };
		ECCA86501EAD9AB5003CADE9 /* PrefixHeader.pch */ = {isa = PBXFileReference; lastKnownFileType = sourcecode.c.h; path = PrefixHeader.pch; sourceTree = "<group>"; };
		ECCA866E1EADDD47003CADE9 /* PublicDefines.h */ = {isa = PBXFileReference; lastKnownFileType = sourcecode.c.h; path = PublicDefines.h; sourceTree = "<group>"; };
		ECCA86721EADDFE9003CADE9 /* BaseTabBar.h */ = {isa = PBXFileReference; fileEncoding = 4; lastKnownFileType = sourcecode.c.h; path = BaseTabBar.h; sourceTree = "<group>"; };
		ECCA86731EADDFE9003CADE9 /* BaseTabBar.m */ = {isa = PBXFileReference; fileEncoding = 4; lastKnownFileType = sourcecode.c.objc; path = BaseTabBar.m; sourceTree = "<group>"; };
		ECCA86791EADECB2003CADE9 /* TestViewController.h */ = {isa = PBXFileReference; fileEncoding = 4; lastKnownFileType = sourcecode.c.h; path = TestViewController.h; sourceTree = "<group>"; };
		ECCA867A1EADECB2003CADE9 /* TestViewController.m */ = {isa = PBXFileReference; fileEncoding = 4; lastKnownFileType = sourcecode.c.objc; path = TestViewController.m; sourceTree = "<group>"; };
/* End PBXFileReference section */

/* Begin PBXFrameworksBuildPhase section */
		ECCA85F51EAD994C003CADE9 /* Frameworks */ = {
			isa = PBXFrameworksBuildPhase;
			buildActionMask = 2147483647;
			files = (
				625F90C1FE76A613FA854F04 /* libPods-BaseProject.a in Frameworks */,
			);
			runOnlyForDeploymentPostprocessing = 0;
		};
/* End PBXFrameworksBuildPhase section */

/* Begin PBXGroup section */
		078008DBEBFE72A287FDA684 /* Frameworks */ = {
			isa = PBXGroup;
			children = (
				4A39084B29CC6E07A62F54E9 /* libPods-BaseProject.a */,
			);
			name = Frameworks;
			sourceTree = "<group>";
		};
		0C5F3701DF3359D46CB32028 /* Pods */ = {
			isa = PBXGroup;
			children = (
				A87CC23EF12240104EF2F8B8 /* Pods-BaseProject.debug.xcconfig */,
				137C44E4FB666BC7F5B5346C /* Pods-BaseProject.release.xcconfig */,
			);
			name = Pods;
			sourceTree = "<group>";
		};
		ECCA85EF1EAD994C003CADE9 = {
			isa = PBXGroup;
			children = (
				ECCA85FA1EAD994C003CADE9 /* BaseProject */,
				ECCA85F91EAD994C003CADE9 /* Products */,
				0C5F3701DF3359D46CB32028 /* Pods */,
				078008DBEBFE72A287FDA684 /* Frameworks */,
			);
			sourceTree = "<group>";
		};
		ECCA85F91EAD994C003CADE9 /* Products */ = {
			isa = PBXGroup;
			children = (
				ECCA85F81EAD994C003CADE9 /* BaseProject.app */,
			);
			name = Products;
			sourceTree = "<group>";
		};
		ECCA85FA1EAD994C003CADE9 /* BaseProject */ = {
			isa = PBXGroup;
			children = (
				ECCA86781EADEC94003CADE9 /* TestIgnore */,
				ECCA85FE1EAD994C003CADE9 /* AppDelegate.h */,
				ECCA85FF1EAD994C003CADE9 /* AppDelegate.m */,
				ECCA864F1EAD9AA7003CADE9 /* Defines */,
				ECCA86341EAD9A89003CADE9 /* Unity */,
				ECCA86711EADDFAD003CADE9 /* ThirdLib */,
				ECCA86701EADDFA3003CADE9 /* Classes */,
				ECCA866F1EADDF9C003CADE9 /* Views */,
				ECCA86121EAD99E3003CADE9 /* Controllers */,
				ECCA86071EAD994C003CADE9 /* Assets.xcassets */,
				ECCA86091EAD994C003CADE9 /* LaunchScreen.storyboard */,
				ECCA860C1EAD994C003CADE9 /* Info.plist */,
				ECCA85FB1EAD994C003CADE9 /* Supporting Files */,
			);
			path = BaseProject;
			sourceTree = "<group>";
		};
		ECCA85FB1EAD994C003CADE9 /* Supporting Files */ = {
			isa = PBXGroup;
			children = (
				ECCA85FC1EAD994C003CADE9 /* main.m */,
			);
			name = "Supporting Files";
			sourceTree = "<group>";
		};
		ECCA86121EAD99E3003CADE9 /* Controllers */ = {
			isa = PBXGroup;
			children = (
				ECCA86151EAD99E3003CADE9 /* BasicNavigationController.h */,
				ECCA86161EAD99E3003CADE9 /* BasicNavigationController.m */,
				ECCA86171EAD99E3003CADE9 /* BasicViewController.h */,
				ECCA86181EAD99E3003CADE9 /* BasicViewController.m */,
				ECCA86231EAD99E3003CADE9 /* MainTabBarViewController.h */,
				ECCA86241EAD99E3003CADE9 /* MainTabBarViewController.m */,
			);
			name = Controllers;
			path = controllers;
			sourceTree = "<group>";
		};
		ECCA86341EAD9A89003CADE9 /* Unity */ = {
			isa = PBXGroup;
			children = (
				ECCA86361EAD9A89003CADE9 /* ArchiveObj.h */,
				ECCA86371EAD9A89003CADE9 /* ArchiveObj.m */,
				ECCA86381EAD9A89003CADE9 /* Encrypt.h */,
				ECCA86391EAD9A89003CADE9 /* Encrypt.m */,
				ECCA863A1EAD9A89003CADE9 /* RefreshTableView.h */,
				ECCA863B1EAD9A89003CADE9 /* RefreshTableView.m */,
				ECCA863C1EAD9A89003CADE9 /* TransitionManager.h */,
				ECCA863D1EAD9A89003CADE9 /* TransitionManager.m */,
				ECCA863E1EAD9A89003CADE9 /* UIAlertView+ActionBlock.h */,
				ECCA863F1EAD9A89003CADE9 /* UIAlertView+ActionBlock.m */,
				ECCA86401EAD9A89003CADE9 /* UIColor+Hex.h */,
				ECCA86411EAD9A89003CADE9 /* UIColor+Hex.m */,
				ECCA86421EAD9A89003CADE9 /* UIImageView+Scale.h */,
				ECCA86431EAD9A89003CADE9 /* UIImageView+Scale.m */,
				ECCA86441EAD9A89003CADE9 /* UIView+AddFunc.h */,
				ECCA86451EAD9A89003CADE9 /* UIView+AddFunc.m */,
			);
			path = Unity;
			sourceTree = "<group>";
		};
		ECCA864F1EAD9AA7003CADE9 /* Defines */ = {
			isa = PBXGroup;
			children = (
				ECCA86501EAD9AB5003CADE9 /* PrefixHeader.pch */,
				ECCA866E1EADDD47003CADE9 /* PublicDefines.h */,
			);
			path = Defines;
			sourceTree = "<group>";
		};
		ECCA866F1EADDF9C003CADE9 /* Views */ = {
			isa = PBXGroup;
			children = (
				ECCA86721EADDFE9003CADE9 /* BaseTabBar.h */,
				ECCA86731EADDFE9003CADE9 /* BaseTabBar.m */,
			);
			path = Views;
			sourceTree = "<group>";
		};
		ECCA86701EADDFA3003CADE9 /* Classes */ = {
			isa = PBXGroup;
			children = (
			);
			path = Classes;
			sourceTree = "<group>";
		};
		ECCA86711EADDFAD003CADE9 /* ThirdLib */ = {
			isa = PBXGroup;
			children = (
			);
			path = ThirdLib;
			sourceTree = "<group>";
		};
		ECCA86781EADEC94003CADE9 /* TestIgnore */ = {
			isa = PBXGroup;
			children = (
				ECCA86791EADECB2003CADE9 /* TestViewController.h */,
				ECCA867A1EADECB2003CADE9 /* TestViewController.m */,
			);
			path = TestIgnore;
			sourceTree = "<group>";
		};
/* End PBXGroup section */

/* Begin PBXNativeTarget section */
		ECCA85F71EAD994C003CADE9 /* BaseProject */ = {
			isa = PBXNativeTarget;
			buildConfigurationList = ECCA860F1EAD994C003CADE9 /* Build configuration list for PBXNativeTarget "BaseProject" */;
			buildPhases = (
				D2C95A47B50CBDF08D0234E4 /* [CP] Check Pods Manifest.lock */,
				ECCA85F41EAD994C003CADE9 /* Sources */,
				ECCA85F51EAD994C003CADE9 /* Frameworks */,
				ECCA85F61EAD994C003CADE9 /* Resources */,
				5F3579C65C4F68CD14A1332E /* [CP] Embed Pods Frameworks */,
				89880DD4337139632A40E35E /* [CP] Copy Pods Resources */,
			);
			buildRules = (
			);
			dependencies = (
			);
			name = BaseProject;
			productName = BaseProject;
			productReference = ECCA85F81EAD994C003CADE9 /* BaseProject.app */;
			productType = "com.apple.product-type.application";
		};
/* End PBXNativeTarget section */

/* Begin PBXProject section */
		ECCA85F01EAD994C003CADE9 /* Project object */ = {
			isa = PBXProject;
			attributes = {
				LastUpgradeCheck = 0800;
				ORGANIZATIONNAME = XXL;
				TargetAttributes = {
					ECCA85F71EAD994C003CADE9 = {
						CreatedOnToolsVersion = 8.0;
						DevelopmentTeam = 4H95452AGN;
						ProvisioningStyle = Automatic;
					};
				};
			};
			buildConfigurationList = ECCA85F31EAD994C003CADE9 /* Build configuration list for PBXProject "BaseProject" */;
			compatibilityVersion = "Xcode 3.2";
			developmentRegion = English;
			hasScannedForEncodings = 0;
			knownRegions = (
				en,
				Base,
			);
			mainGroup = ECCA85EF1EAD994C003CADE9;
			productRefGroup = ECCA85F91EAD994C003CADE9 /* Products */;
			projectDirPath = "";
			projectRoot = "";
			targets = (
				ECCA85F71EAD994C003CADE9 /* BaseProject */,
			);
		};
/* End PBXProject section */

/* Begin PBXResourcesBuildPhase section */
		ECCA85F61EAD994C003CADE9 /* Resources */ = {
			isa = PBXResourcesBuildPhase;
			buildActionMask = 2147483647;
			files = (
				ECCA860B1EAD994C003CADE9 /* LaunchScreen.storyboard in Resources */,
				ECCA86081EAD994C003CADE9 /* Assets.xcassets in Resources */,
			);
			runOnlyForDeploymentPostprocessing = 0;
		};
/* End PBXResourcesBuildPhase section */

/* Begin PBXShellScriptBuildPhase section */
		5F3579C65C4F68CD14A1332E /* [CP] Embed Pods Frameworks */ = {
			isa = PBXShellScriptBuildPhase;
			buildActionMask = 2147483647;
			files = (
			);
			inputPaths = (
			);
			name = "[CP] Embed Pods Frameworks";
			outputPaths = (
			);
			runOnlyForDeploymentPostprocessing = 0;
			shellPath = /bin/sh;
			shellScript = "\"${SRCROOT}/Pods/Target Support Files/Pods-BaseProject/Pods-BaseProject-frameworks.sh\"\n";
			showEnvVarsInLog = 0;
		};
		89880DD4337139632A40E35E /* [CP] Copy Pods Resources */ = {
			isa = PBXShellScriptBuildPhase;
			buildActionMask = 2147483647;
			files = (
			);
			inputPaths = (
			);
			name = "[CP] Copy Pods Resources";
			outputPaths = (
			);
			runOnlyForDeploymentPostprocessing = 0;
			shellPath = /bin/sh;
			shellScript = "\"${SRCROOT}/Pods/Target Support Files/Pods-BaseProject/Pods-BaseProject-resources.sh\"\n";
			showEnvVarsInLog = 0;
		};
		D2C95A47B50CBDF08D0234E4 /* [CP] Check Pods Manifest.lock */ = {
			isa = PBXShellScriptBuildPhase;
			buildActionMask = 2147483647;
			files = (
			);
			inputPaths = (
			);
			name = "[CP] Check Pods Manifest.lock";
			outputPaths = (
			);
			runOnlyForDeploymentPostprocessing = 0;
			shellPath = /bin/sh;
			shellScript = "diff \"${PODS_ROOT}/../Podfile.lock\" \"${PODS_ROOT}/Manifest.lock\" > /dev/null\nif [ $? != 0 ] ; then\n    # print error to STDERR\n    echo \"error: The sandbox is not in sync with the Podfile.lock. Run 'pod install' or update your CocoaPods installation.\" >&2\n    exit 1\nfi\n";
			showEnvVarsInLog = 0;
		};
/* End PBXShellScriptBuildPhase section */

/* Begin PBXSourcesBuildPhase section */
		ECCA85F41EAD994C003CADE9 /* Sources */ = {
			isa = PBXSourcesBuildPhase;
			buildActionMask = 2147483647;
			files = (
				ECCA86481EAD9A89003CADE9 /* Encrypt.m in Sources */,
				ECCA864C1EAD9A89003CADE9 /* UIColor+Hex.m in Sources */,
				ECCA86741EADDFE9003CADE9 /* BaseTabBar.m in Sources */,
				ECCA862A1EAD99E3003CADE9 /* BasicNavigationController.m in Sources */,
				ECCA864A1EAD9A89003CADE9 /* TransitionManager.m in Sources */,
				ECCA86311EAD99E3003CADE9 /* MainTabBarViewController.m in Sources */,
				ECCA86001EAD994C003CADE9 /* AppDelegate.m in Sources */,
				ECCA864E1EAD9A89003CADE9 /* UIView+AddFunc.m in Sources */,
				ECCA862B1EAD99E3003CADE9 /* BasicViewController.m in Sources */,
				ECCA867B1EADECB2003CADE9 /* TestViewController.m in Sources */,
				ECCA86471EAD9A89003CADE9 /* ArchiveObj.m in Sources */,
				ECCA864B1EAD9A89003CADE9 /* UIAlertView+ActionBlock.m in Sources */,
				ECCA864D1EAD9A89003CADE9 /* UIImageView+Scale.m in Sources */,
				ECCA85FD1EAD994C003CADE9 /* main.m in Sources */,
				ECCA86491EAD9A89003CADE9 /* RefreshTableView.m in Sources */,
			);
			runOnlyForDeploymentPostprocessing = 0;
		};
/* End PBXSourcesBuildPhase section */

/* Begin PBXVariantGroup section */
		ECCA86091EAD994C003CADE9 /* LaunchScreen.storyboard */ = {
			isa = PBXVariantGroup;
			children = (
				ECCA860A1EAD994C003CADE9 /* Base */,
			);
			name = LaunchScreen.storyboard;
			sourceTree = "<group>";
		};
/* End PBXVariantGroup section */

/* Begin XCBuildConfiguration section */
		ECCA860D1EAD994C003CADE9 /* Debug */ = {
			isa = XCBuildConfiguration;
			buildSettings = {
				ALWAYS_SEARCH_USER_PATHS = NO;
				CLANG_ANALYZER_NONNULL = YES;
				CLANG_CXX_LANGUAGE_STANDARD = "gnu++0x";
				CLANG_CXX_LIBRARY = "libc++";
				CLANG_ENABLE_MODULES = YES;
				CLANG_ENABLE_OBJC_ARC = YES;
				CLANG_WARN_BOOL_CONVERSION = YES;
				CLANG_WARN_CONSTANT_CONVERSION = YES;
				CLANG_WARN_DIRECT_OBJC_ISA_USAGE = YES_ERROR;
				CLANG_WARN_DOCUMENTATION_COMMENTS = YES;
				CLANG_WARN_EMPTY_BODY = YES;
				CLANG_WARN_ENUM_CONVERSION = YES;
				CLANG_WARN_INFINITE_RECURSION = YES;
				CLANG_WARN_INT_CONVERSION = YES;
				CLANG_WARN_OBJC_ROOT_CLASS = YES_ERROR;
				CLANG_WARN_SUSPICIOUS_MOVES = YES;
				CLANG_WARN_UNREACHABLE_CODE = YES;
				CLANG_WARN__DUPLICATE_METHOD_MATCH = YES;
				"CODE_SIGN_IDENTITY[sdk=iphoneos*]" = "iPhone Developer";
				COPY_PHASE_STRIP = NO;
				DEBUG_INFORMATION_FORMAT = dwarf;
				ENABLE_STRICT_OBJC_MSGSEND = YES;
				ENABLE_TESTABILITY = YES;
				GCC_C_LANGUAGE_STANDARD = gnu99;
				GCC_DYNAMIC_NO_PIC = NO;
				GCC_NO_COMMON_BLOCKS = YES;
				GCC_OPTIMIZATION_LEVEL = 0;
				GCC_PREPROCESSOR_DEFINITIONS = (
					"DEBUG=1",
					"$(inherited)",
				);
				GCC_WARN_64_TO_32_BIT_CONVERSION = YES;
				GCC_WARN_ABOUT_RETURN_TYPE = YES_ERROR;
				GCC_WARN_UNDECLARED_SELECTOR = YES;
				GCC_WARN_UNINITIALIZED_AUTOS = YES_AGGRESSIVE;
				GCC_WARN_UNUSED_FUNCTION = YES;
				GCC_WARN_UNUSED_VARIABLE = YES;
				IPHONEOS_DEPLOYMENT_TARGET = 10.0;
				MTL_ENABLE_DEBUG_INFO = YES;
				ONLY_ACTIVE_ARCH = YES;
				SDKROOT = iphoneos;
				TARGETED_DEVICE_FAMILY = "1,2";
			};
			name = Debug;
		};
		ECCA860E1EAD994C003CADE9 /* Release */ = {
			isa = XCBuildConfiguration;
			buildSettings = {
				ALWAYS_SEARCH_USER_PATHS = NO;
				CLANG_ANALYZER_NONNULL = YES;
				CLANG_CXX_LANGUAGE_STANDARD = "gnu++0x";
				CLANG_CXX_LIBRARY = "libc++";
				CLANG_ENABLE_MODULES = YES;
				CLANG_ENABLE_OBJC_ARC = YES;
				CLANG_WARN_BOOL_CONVERSION = YES;
				CLANG_WARN_CONSTANT_CONVERSION = YES;
				CLANG_WARN_DIRECT_OBJC_ISA_USAGE = YES_ERROR;
				CLANG_WARN_DOCUMENTATION_COMMENTS = YES;
				CLANG_WARN_EMPTY_BODY = YES;
				CLANG_WARN_ENUM_CONVERSION = YES;
				CLANG_WARN_INFINITE_RECURSION = YES;
				CLANG_WARN_INT_CONVERSION = YES;
				CLANG_WARN_OBJC_ROOT_CLASS = YES_ERROR;
				CLANG_WARN_SUSPICIOUS_MOVES = YES;
				CLANG_WARN_UNREACHABLE_CODE = YES;
				CLANG_WARN__DUPLICATE_METHOD_MATCH = YES;
				"CODE_SIGN_IDENTITY[sdk=iphoneos*]" = "iPhone Developer";
				COPY_PHASE_STRIP = NO;
				DEBUG_INFORMATION_FORMAT = "dwarf-with-dsym";
				ENABLE_NS_ASSERTIONS = NO;
				ENABLE_STRICT_OBJC_MSGSEND = YES;
				GCC_C_LANGUAGE_STANDARD = gnu99;
				GCC_NO_COMMON_BLOCKS = YES;
				GCC_WARN_64_TO_32_BIT_CONVERSION = YES;
				GCC_WARN_ABOUT_RETURN_TYPE = YES_ERROR;
				GCC_WARN_UNDECLARED_SELECTOR = YES;
				GCC_WARN_UNINITIALIZED_AUTOS = YES_AGGRESSIVE;
				GCC_WARN_UNUSED_FUNCTION = YES;
				GCC_WARN_UNUSED_VARIABLE = YES;
				IPHONEOS_DEPLOYMENT_TARGET = 10.0;
				MTL_ENABLE_DEBUG_INFO = NO;
				SDKROOT = iphoneos;
				TARGETED_DEVICE_FAMILY = "1,2";
				VALIDATE_PRODUCT = YES;
			};
			name = Release;
		};
		ECCA86101EAD994C003CADE9 /* Debug */ = {
			isa = XCBuildConfiguration;
			baseConfigurationReference = A87CC23EF12240104EF2F8B8 /* Pods-BaseProject.debug.xcconfig */;
			buildSettings = {
				ASSETCATALOG_COMPILER_APPICON_NAME = AppIcon;
				DEVELOPMENT_TEAM = 4H95452AGN;
				GCC_PRECOMPILE_PREFIX_HEADER = YES;
				GCC_PREFIX_HEADER = "$(SRCROOT)/BaseProject/Defines/PrefixHeader.pch";
				INFOPLIST_FILE = BaseProject/Info.plist;
				IPHONEOS_DEPLOYMENT_TARGET = 7.1;
				LD_RUNPATH_SEARCH_PATHS = "$(inherited) @executable_path/Frameworks";
				PRODUCT_BUNDLE_IDENTIFIER = com.xiexiaolong.BaseProject;
				PRODUCT_NAME = "$(TARGET_NAME)";
			};
			name = Debug;
		};
		ECCA86111EAD994C003CADE9 /* Release */ = {
			isa = XCBuildConfiguration;
			baseConfigurationReference = 137C44E4FB666BC7F5B5346C /* Pods-BaseProject.release.xcconfig */;
			buildSettings = {
				ASSETCATALOG_COMPILER_APPICON_NAME = AppIcon;
				DEVELOPMENT_TEAM = 4H95452AGN;
				GCC_PRECOMPILE_PREFIX_HEADER = YES;
				GCC_PREFIX_HEADER = "$(SRCROOT)/BaseProject/Defines/PrefixHeader.pch";
				INFOPLIST_FILE = BaseProject/Info.plist;
				IPHONEOS_DEPLOYMENT_TARGET = 7.1;
				LD_RUNPATH_SEARCH_PATHS = "$(inherited) @executable_path/Frameworks";
				PRODUCT_BUNDLE_IDENTIFIER = com.xiexiaolong.BaseProject;
				PRODUCT_NAME = "$(TARGET_NAME)";
			};
			name = Release;
		};
/* End XCBuildConfiguration section */

/* Begin XCConfigurationList section */
		ECCA85F31EAD994C003CADE9 /* Build configuration list for PBXProject "BaseProject" */ = {
			isa = XCConfigurationList;
			buildConfigurations = (
				ECCA860D1EAD994C003CADE9 /* Debug */,
				ECCA860E1EAD994C003CADE9 /* Release */,
			);
			defaultConfigurationIsVisible = 0;
			defaultConfigurationName = Release;
		};
		ECCA860F1EAD994C003CADE9 /* Build configuration list for PBXNativeTarget "BaseProject" */ = {
			isa = XCConfigurationList;
			buildConfigurations = (
				ECCA86101EAD994C003CADE9 /* Debug */,
				ECCA86111EAD994C003CADE9 /* Release */,
			);
			defaultConfigurationIsVisible = 0;
			defaultConfigurationName = Release;
		};
/* End XCConfigurationList section */
	};
	rootObject = ECCA85F01EAD994C003CADE9 /* Project object */;
}
